
Microsoft Visual Studio Solution File, Format Version 12.00
# Visual Studio Version 17
VisualStudioVersion = 17.14.36908.2 d17.14
MinimumVisualStudioVersion = 10.0.40219.1
Project("{FAE04EC0-301F-11D3-BF4B-00C04F79EFBC}") = "CrudProductos", "CrudProductos\CrudProductos.csproj", "{B0F94EEF-05F0-44FA-8D97-AB60D60AF457}"
EndProject
Global
	GlobalSection(SolutionConfigurationPlatforms) = preSolution
		Debug|Any CPU = Debug|Any CPU
		Release|Any CPU = Release|Any CPU
	EndGlobalSection
	GlobalSection(ProjectConfigurationPlatforms) = postSolution
		{B0F94EEF-05F0-44FA-8D97-AB60D60AF457}.Debug|Any CPU.ActiveCfg = Debug|Any CPU
		{B0F94EEF-05F0-44FA-8D97-AB60D60AF457}.Debug|Any CPU.Build.0 = Debug|Any CPU
		{B0F94EEF-05F0-44FA-8D97-AB60D60AF457}.Release|Any CPU.ActiveCfg = Release|Any CPU
		{B0F94EEF-05F0-44FA-8D97-AB60D60AF457}.Release|Any CPU.Build.0 = Release|Any CPU
	EndGlobalSection
	GlobalSection(SolutionProperties) = preSolution
		HideSolutionNode = FALSE
	EndGlobalSection
	GlobalSection(ExtensibilityGlobals) = postSolution
		SolutionGuid = {70397F57-2F52-468D-9662-0AB8E50FE192}
	EndGlobalSection
EndGlobal
